
Microsoft Visual Studio Solution File, Format Version 12.00
# Visual Studio Version 17
VisualStudioVersion = 17.0.31903.59
MinimumVisualStudioVersion = 10.0.40219.1
Project("{2150E333-8FDC-42A3-9474-1A3956D46DE8}") = "src", "src", "{827E0CD3-B72D-47B6-A68D-7590B98EB39B}"
EndProject
Project("{FAE04EC0-301F-11D3-BF4B-00C04F79EFBC}") = "EduHub.Application", "src\EduHub.Application\EduHub.Application.csproj", "{B15925D3-754A-4F8C-8AAB-A434855D98B7}"
EndProject
Project("{FAE04EC0-301F-11D3-BF4B-00C04F79EFBC}") = "EduHub.Domain", "src\EduHub.Domain\EduHub.Domain.csproj", "{ADFA7223-796D-4A06-9A11-5D1DAE638838}"
EndProject
Project("{FAE04EC0-301F-11D3-BF4B-00C04F79EFBC}") = "EduHub.Infrastructure", "src\EduHub.Infrastructure\EduHub.Infrastructure.csproj", "{21F31A92-787F-4CC2-BD35-1A3C86ADB56C}"
EndProject
Project("{FAE04EC0-301F-11D3-BF4B-00C04F79EFBC}") = "EduHub.WebApi", "src\EduHub.WebApi\EduHub.WebApi.csproj", "{1EE6FCB5-8799-4C21-AF9F-DA7825CB909F}"
EndProject
Project("{2150E333-8FDC-42A3-9474-1A3956D46DE8}") = "tests", "tests", "{0AB3BF05-4346-4AA6-1389-037BE0695223}"
EndProject
Project("{FAE04EC0-301F-11D3-BF4B-00C04F79EFBC}") = "EduHub.ArchitectureTests", "tests\EduHub.ArchitectureTests\EduHub.ArchitectureTests.csproj", "{8768082F-B38F-4F13-A2C0-9EA5F6F22C11}"
EndProject
Project("{FAE04EC0-301F-11D3-BF4B-00C04F79EFBC}") = "EduHub.IntegrationTests", "tests\EduHub.IntegrationTests\EduHub.IntegrationTests.csproj", "{B0153829-4BCD-4F98-B3E9-6DB3155D97F0}"
EndProject
Project("{FAE04EC0-301F-11D3-BF4B-00C04F79EFBC}") = "EduHub.UnitTests", "tests\EduHub.UnitTests\EduHub.UnitTests.csproj", "{7CC189F6-FDC2-4F4C-9513-5B09A4A44694}"
EndProject
Project("{2150E333-8FDC-42A3-9474-1A3956D46DE8}") = "tools", "tools", "{07C2787E-EAC7-C090-1BA3-A61EC2A24D84}"
EndProject
Project("{FAE04EC0-301F-11D3-BF4B-00C04F79EFBC}") = "EduHub.DatabaseManager", "tools\EduHub.DatabaseManager\EduHub.DatabaseManager.csproj", "{6D03DCBF-6EB5-4BED-BB68-54BE208B5297}"
EndProject
Global
	GlobalSection(SolutionConfigurationPlatforms) = preSolution
		Debug|Any CPU = Debug|Any CPU
		Debug|x64 = Debug|x64
		Debug|x86 = Debug|x86
		Release|Any CPU = Release|Any CPU
		Release|x64 = Release|x64
		Release|x86 = Release|x86
	EndGlobalSection
	GlobalSection(ProjectConfigurationPlatforms) = postSolution
		{B15925D3-754A-4F8C-8AAB-A434855D98B7}.Debug|Any CPU.ActiveCfg = Debug|Any CPU
		{B15925D3-754A-4F8C-8AAB-A434855D98B7}.Debug|Any CPU.Build.0 = Debug|Any CPU
		{B15925D3-754A-4F8C-8AAB-A434855D98B7}.Debug|x64.ActiveCfg = Debug|Any CPU
		{B15925D3-754A-4F8C-8AAB-A434855D98B7}.Debug|x64.Build.0 = Debug|Any CPU
		{B15925D3-754A-4F8C-8AAB-A434855D98B7}.Debug|x86.ActiveCfg = Debug|Any CPU
		{B15925D3-754A-4F8C-8AAB-A434855D98B7}.Debug|x86.Build.0 = Debug|Any CPU
		{B15925D3-754A-4F8C-8AAB-A434855D98B7}.Release|Any CPU.ActiveCfg = Release|Any CPU
		{B15925D3-754A-4F8C-8AAB-A434855D98B7}.Release|Any CPU.Build.0 = Release|Any CPU
		{B15925D3-754A-4F8C-8AAB-A434855D98B7}.Release|x64.ActiveCfg = Release|Any CPU
		{B15925D3-754A-4F8C-8AAB-A434855D98B7}.Release|x64.Build.0 = Release|Any CPU
		{B15925D3-754A-4F8C-8AAB-A434855D98B7}.Release|x86.ActiveCfg = Release|Any CPU
		{B15925D3-754A-4F8C-8AAB-A434855D98B7}.Release|x86.Build.0 = Release|Any CPU
		{ADFA7223-796D-4A06-9A11-5D1DAE638838}.Debug|Any CPU.ActiveCfg = Debug|Any CPU
		{ADFA7223-796D-4A06-9A11-5D1DAE638838}.Debug|Any CPU.Build.0 = Debug|Any CPU
		{ADFA7223-796D-4A06-9A11-5D1DAE638838}.Debug|x64.ActiveCfg = Debug|Any CPU
		{ADFA7223-796D-4A06-9A11-5D1DAE638838}.Debug|x64.Build.0 = Debug|Any CPU
		{ADFA7223-796D-4A06-9A11-5D1DAE638838}.Debug|x86.ActiveCfg = Debug|Any CPU
		{ADFA7223-796D-4A06-9A11-5D1DAE638838}.Debug|x86.Build.0 = Debug|Any CPU
		{ADFA7223-796D-4A06-9A11-5D1DAE638838}.Release|Any CPU.ActiveCfg = Release|Any CPU
		{ADFA7223-796D-4A06-9A11-5D1DAE638838}.Release|Any CPU.Build.0 = Release|Any CPU
		{ADFA7223-796D-4A06-9A11-5D1DAE638838}.Release|x64.ActiveCfg = Release|Any CPU
		{ADFA7223-796D-4A06-9A11-5D1DAE638838}.Release|x64.Build.0 = Release|Any CPU
		{ADFA7223-796D-4A06-9A11-5D1DAE638838}.Release|x86.ActiveCfg = Release|Any CPU
		{ADFA7223-796D-4A06-9A11-5D1DAE638838}.Release|x86.Build.0 = Release|Any CPU
		{21F31A92-787F-4CC2-BD35-1A3C86ADB56C}.Debug|Any CPU.ActiveCfg = Debug|Any CPU
		{21F31A92-787F-4CC2-BD35-1A3C86ADB56C}.Debug|Any CPU.Build.0 = Debug|Any CPU
		{21F31A92-787F-4CC2-BD35-1A3C86ADB56C}.Debug|x64.ActiveCfg = Debug|Any CPU
		{21F31A92-787F-4CC2-BD35-1A3C86ADB56C}.Debug|x64.Build.0 = Debug|Any CPU
		{21F31A92-787F-4CC2-BD35-1A3C86ADB56C}.Debug|x86.ActiveCfg = Debug|Any CPU
		{21F31A92-787F-4CC2-BD35-1A3C86ADB56C}.Debug|x86.Build.0 = Debug|Any CPU
		{21F31A92-787F-4CC2-BD35-1A3C86ADB56C}.Release|Any CPU.ActiveCfg = Release|Any CPU
		{21F31A92-787F-4CC2-BD35-1A3C86ADB56C}.Release|Any CPU.Build.0 = Release|Any CPU
		{21F31A92-787F-4CC2-BD35-1A3C86ADB56C}.Release|x64.ActiveCfg = Release|Any CPU
		{21F31A92-787F-4CC2-BD35-1A3C86ADB56C}.Release|x64.Build.0 = Release|Any CPU
		{21F31A92-787F-4CC2-BD35-1A3C86ADB56C}.Release|x86.ActiveCfg = Release|Any CPU
		{21F31A92-787F-4CC2-BD35-1A3C86ADB56C}.Release|x86.Build.0 = Release|Any CPU
		{1EE6FCB5-8799-4C21-AF9F-DA7825CB909F}.Debug|Any CPU.ActiveCfg = Debug|Any CPU
		{1EE6FCB5-8799-4C21-AF9F-DA7825CB909F}.Debug|Any CPU.Build.0 = Debug|Any CPU
		{1EE6FCB5-8799-4C21-AF9F-DA7825CB909F}.Debug|x64.ActiveCfg = Debug|Any CPU
		{1EE6FCB5-8799-4C21-AF9F-DA7825CB909F}.Debug|x64.Build.0 = Debug|Any CPU
		{1EE6FCB5-8799-4C21-AF9F-DA7825CB909F}.Debug|x86.ActiveCfg = Debug|Any CPU
		{1EE6FCB5-8799-4C21-AF9F-DA7825CB909F}.Debug|x86.Build.0 = Debug|Any CPU
		{1EE6FCB5-8799-4C21-AF9F-DA7825CB909F}.Release|Any CPU.ActiveCfg = Release|Any CPU
		{1EE6FCB5-8799-4C21-AF9F-DA7825CB909F}.Release|Any CPU.Build.0 = Release|Any CPU
		{1EE6FCB5-8799-4C21-AF9F-DA7825CB909F}.Release|x64.ActiveCfg = Release|Any CPU
		{1EE6FCB5-8799-4C21-AF9F-DA7825CB909F}.Release|x64.Build.0 = Release|Any CPU
		{1EE6FCB5-8799-4C21-AF9F-DA7825CB909F}.Release|x86.ActiveCfg = Release|Any CPU
		{1EE6FCB5-8799-4C21-AF9F-DA7825CB909F}.Release|x86.Build.0 = Release|Any CPU
		{8768082F-B38F-4F13-A2C0-9EA5F6F22C11}.Debug|Any CPU.ActiveCfg = Debug|Any CPU
		{8768082F-B38F-4F13-A2C0-9EA5F6F22C11}.Debug|Any CPU.Build.0 = Debug|Any CPU
		{8768082F-B38F-4F13-A2C0-9EA5F6F22C11}.Debug|x64.ActiveCfg = Debug|Any CPU
		{8768082F-B38F-4F13-A2C0-9EA5F6F22C11}.Debug|x64.Build.0 = Debug|Any CPU
		{8768082F-B38F-4F13-A2C0-9EA5F6F22C11}.Debug|x86.ActiveCfg = Debug|Any CPU
		{8768082F-B38F-4F13-A2C0-9EA5F6F22C11}.Debug|x86.Build.0 = Debug|Any CPU
		{8768082F-B38F-4F13-A2C0-9EA5F6F22C11}.Release|Any CPU.ActiveCfg = Release|Any CPU
		{8768082F-B38F-4F13-A2C0-9EA5F6F22C11}.Release|Any CPU.Build.0 = Release|Any CPU
		{8768082F-B38F-4F13-A2C0-9EA5F6F22C11}.Release|x64.ActiveCfg = Release|Any CPU
		{8768082F-B38F-4F13-A2C0-9EA5F6F22C11}.Release|x64.Build.0 = Release|Any CPU
		{8768082F-B38F-4F13-A2C0-9EA5F6F22C11}.Release|x86.ActiveCfg = Release|Any CPU
		{8768082F-B38F-4F13-A2C0-9EA5F6F22C11}.Release|x86.Build.0 = Release|Any CPU
		{B0153829-4BCD-4F98-B3E9-6DB3155D97F0}.Debug|Any CPU.ActiveCfg = Debug|Any CPU
		{B0153829-4BCD-4F98-B3E9-6DB3155D97F0}.Debug|Any CPU.Build.0 = Debug|Any CPU
		{B0153829-4BCD-4F98-B3E9-6DB3155D97F0}.Debug|x64.ActiveCfg = Debug|Any CPU
		{B0153829-4BCD-4F98-B3E9-6DB3155D97F0}.Debug|x64.Build.0 = Debug|Any CPU
		{B0153829-4BCD-4F98-B3E9-6DB3155D97F0}.Debug|x86.ActiveCfg = Debug|Any CPU
		{B0153829-4BCD-4F98-B3E9-6DB3155D97F0}.Debug|x86.Build.0 = Debug|Any CPU
		{B0153829-4BCD-4F98-B3E9-6DB3155D97F0}.Release|Any CPU.ActiveCfg = Release|Any CPU
		{B0153829-4BCD-4F98-B3E9-6DB3155D97F0}.Release|Any CPU.Build.0 = Release|Any CPU
		{B0153829-4BCD-4F98-B3E9-6DB3155D97F0}.Release|x64.ActiveCfg = Release|Any CPU
		{B0153829-4BCD-4F98-B3E9-6DB3155D97F0}.Release|x64.Build.0 = Release|Any CPU
		{B0153829-4BCD-4F98-B3E9-6DB3155D97F0}.Release|x86.ActiveCfg = Release|Any CPU
		{B0153829-4BCD-4F98-B3E9-6DB3155D97F0}.Release|x86.Build.0 = Release|Any CPU
		{7CC189F6-FDC2-4F4C-9513-5B09A4A44694}.Debug|Any CPU.ActiveCfg = Debug|Any CPU
		{7CC189F6-FDC2-4F4C-9513-5B09A4A44694}.Debug|Any CPU.Build.0 = Debug|Any CPU
		{7CC189F6-FDC2-4F4C-9513-5B09A4A44694}.Debug|x64.ActiveCfg = Debug|Any CPU
		{7CC189F6-FDC2-4F4C-9513-5B09A4A44694}.Debug|x64.Build.0 = Debug|Any CPU
		{7CC189F6-FDC2-4F4C-9513-5B09A4A44694}.Debug|x86.ActiveCfg = Debug|Any CPU
		{7CC189F6-FDC2-4F4C-9513-5B09A4A44694}.Debug|x86.Build.0 = Debug|Any CPU
		{7CC189F6-FDC2-4F4C-9513-5B09A4A44694}.Release|Any CPU.ActiveCfg = Release|Any CPU
		{7CC189F6-FDC2-4F4C-9513-5B09A4A44694}.Release|Any CPU.Build.0 = Release|Any CPU
		{7CC189F6-FDC2-4F4C-9513-5B09A4A44694}.Release|x64.ActiveCfg = Release|Any CPU
		{7CC189F6-FDC2-4F4C-9513-5B09A4A44694}.Release|x64.Build.0 = Release|Any CPU
		{7CC189F6-FDC2-4F4C-9513-5B09A4A44694}.Release|x86.ActiveCfg = Release|Any CPU
		{7CC189F6-FDC2-4F4C-9513-5B09A4A44694}.Release|x86.Build.0 = Release|Any CPU
		{6D03DCBF-6EB5-4BED-BB68-54BE208B5297}.Debug|Any CPU.ActiveCfg = Debug|Any CPU
		{6D03DCBF-6EB5-4BED-BB68-54BE208B5297}.Debug|Any CPU.Build.0 = Debug|Any CPU
		{6D03DCBF-6EB5-4BED-BB68-54BE208B5297}.Debug|x64.ActiveCfg = Debug|Any CPU
		{6D03DCBF-6EB5-4BED-BB68-54BE208B5297}.Debug|x64.Build.0 = Debug|Any CPU
		{6D03DCBF-6EB5-4BED-BB68-54BE208B5297}.Debug|x86.ActiveCfg = Debug|Any CPU
		{6D03DCBF-6EB5-4BED-BB68-54BE208B5297}.Debug|x86.Build.0 = Debug|Any CPU
		{6D03DCBF-6EB5-4BED-BB68-54BE208B5297}.Release|Any CPU.ActiveCfg = Release|Any CPU
		{6D03DCBF-6EB5-4BED-BB68-54BE208B5297}.Release|Any CPU.Build.0 = Release|Any CPU
		{6D03DCBF-6EB5-4BED-BB68-54BE208B5297}.Release|x64.ActiveCfg = Release|Any CPU
		{6D03DCBF-6EB5-4BED-BB68-54BE208B5297}.Release|x64.Build.0 = Release|Any CPU
		{6D03DCBF-6EB5-4BED-BB68-54BE208B5297}.Release|x86.ActiveCfg = Release|Any CPU
		{6D03DCBF-6EB5-4BED-BB68-54BE208B5297}.Release|x86.Build.0 = Release|Any CPU
	EndGlobalSection
	GlobalSection(SolutionProperties) = preSolution
		HideSolutionNode = FALSE
	EndGlobalSection
	GlobalSection(NestedProjects) = preSolution
		{B15925D3-754A-4F8C-8AAB-A434855D98B7} = {827E0CD3-B72D-47B6-A68D-7590B98EB39B}
		{ADFA7223-796D-4A06-9A11-5D1DAE638838} = {827E0CD3-B72D-47B6-A68D-7590B98EB39B}
		{21F31A92-787F-4CC2-BD35-1A3C86ADB56C} = {827E0CD3-B72D-47B6-A68D-7590B98EB39B}
		{1EE6FCB5-8799-4C21-AF9F-DA7825CB909F} = {827E0CD3-B72D-47B6-A68D-7590B98EB39B}
		{8768082F-B38F-4F13-A2C0-9EA5F6F22C11} = {0AB3BF05-4346-4AA6-1389-037BE0695223}
		{B0153829-4BCD-4F98-B3E9-6DB3155D97F0} = {0AB3BF05-4346-4AA6-1389-037BE0695223}
		{7CC189F6-FDC2-4F4C-9513-5B09A4A44694} = {0AB3BF05-4346-4AA6-1389-037BE0695223}
		{6D03DCBF-6EB5-4BED-BB68-54BE208B5297} = {07C2787E-EAC7-C090-1BA3-A61EC2A24D84}
	EndGlobalSection
EndGlobal
